
Microsoft Visual Studio Solution File, Format Version 12.00
# Visual Studio Version 16
VisualStudioVersion = 16.0.30503.244
MinimumVisualStudioVersion = 10.0.40219.1
Project("{FAE04EC0-301F-11D3-BF4B-00C04F79EFBC}") = "OgrenciNotMvc", "OgrenciNotMvc\OgrenciNotMvc.csproj", "{5CA483A7-B34F-40D2-9918-ED449B8C7BDE}"
EndProject
Global
	GlobalSection(SolutionConfigurationPlatforms) = preSolution
		Debug|Any CPU = Debug|Any CPU
		Release|Any CPU = Release|Any CPU
	EndGlobalSection
	GlobalSection(ProjectConfigurationPlatforms) = postSolution
		{5CA483A7-B34F-40D2-9918-ED449B8C7BDE}.Debug|Any CPU.ActiveCfg = Debug|Any CPU
		{5CA483A7-B34F-40D2-9918-ED449B8C7BDE}.Debug|Any CPU.Build.0 = Debug|Any CPU
		{5CA483A7-B34F-40D2-9918-ED449B8C7BDE}.Release|Any CPU.ActiveCfg = Release|Any CPU
		{5CA483A7-B34F-40D2-9918-ED449B8C7BDE}.Release|Any CPU.Build.0 = Release|Any CPU
	EndGlobalSection
	GlobalSection(SolutionProperties) = preSolution
		HideSolutionNode = FALSE
	EndGlobalSection
	GlobalSection(ExtensibilityGlobals) = postSolution
		SolutionGuid = {FBB7C5B5-E0A0-423F-8A19-692710F3B413}
	EndGlobalSection
EndGlobal
